
Microsoft Visual Studio Solution File, Format Version 12.00
# Visual Studio 15
VisualStudioVersion = 15.0.27130.2026
MinimumVisualStudioVersion = 10.0.40219.1
Project("{FAE04EC0-301F-11D3-BF4B-00C04F79EFBC}") = "BethanysPieShop", "BethanysPieShop\BethanysPieShop.csproj", "{548834C0-E374-4D52-9D5D-28E00328087A}"
EndProject
Global
	GlobalSection(SolutionConfigurationPlatforms) = preSolution
		Debug|Any CPU = Debug|Any CPU
		Release|Any CPU = Release|Any CPU
	EndGlobalSection
	GlobalSection(ProjectConfigurationPlatforms) = postSolution
		{548834C0-E374-4D52-9D5D-28E00328087A}.Debug|Any CPU.ActiveCfg = Debug|Any CPU
		{548834C0-E374-4D52-9D5D-28E00328087A}.Debug|Any CPU.Build.0 = Debug|Any CPU
		{548834C0-E374-4D52-9D5D-28E00328087A}.Release|Any CPU.ActiveCfg = Release|Any CPU
		{548834C0-E374-4D52-9D5D-28E00328087A}.Release|Any CPU.Build.0 = Release|Any CPU
	EndGlobalSection
	GlobalSection(SolutionProperties) = preSolution
		HideSolutionNode = FALSE
	EndGlobalSection
	GlobalSection(ExtensibilityGlobals) = postSolution
		SolutionGuid = {D79708B8-5391-43EA-BEBE-40535A31A859}
	EndGlobalSection
EndGlobal
